
Microsoft Visual Studio Solution File, Format Version 12.00
# Visual Studio Version 16
VisualStudioVersion = 16.0.30503.244
MinimumVisualStudioVersion = 10.0.40219.1
Project("{FAE04EC0-301F-11D3-BF4B-00C04F79EFBC}") = "BlazorTestApp", "BlazorTestApp.csproj", "{05F63A7C-C16F-4984-86C1-DF52CD0B8316}"
EndProject
Global
	GlobalSection(SolutionConfigurationPlatforms) = preSolution
		Debug|Any CPU = Debug|Any CPU
		Release|Any CPU = Release|Any CPU
	EndGlobalSection
	GlobalSection(ProjectConfigurationPlatforms) = postSolution
		{05F63A7C-C16F-4984-86C1-DF52CD0B8316}.Debug|Any CPU.ActiveCfg = Debug|Any CPU
		{05F63A7C-C16F-4984-86C1-DF52CD0B8316}.Debug|Any CPU.Build.0 = Debug|Any CPU
		{05F63A7C-C16F-4984-86C1-DF52CD0B8316}.Release|Any CPU.ActiveCfg = Release|Any CPU
		{05F63A7C-C16F-4984-86C1-DF52CD0B8316}.Release|Any CPU.Build.0 = Release|Any CPU
	EndGlobalSection
	GlobalSection(SolutionProperties) = preSolution
		HideSolutionNode = FALSE
	EndGlobalSection
	GlobalSection(ExtensibilityGlobals) = postSolution
		SolutionGuid = {6CC45E81-3802-4F6E-BEB2-A3EDAAF79CB3}
	EndGlobalSection
EndGlobal
